// !$*UTF8*$!
{
	archiveVersion = 1;
	classes = {
	};
	objectVersion = 55;
	objects = {

/* Begin PBXBuildFile section */
		E1EE71B227042AE300C8CE4C /* AppDelegate.swift in Sources */ = {isa = PBXBuildFile; fileRef = E1EE71B127042AE300C8CE4C /* AppDelegate.swift */; };
		E1EE71B427042AE300C8CE4C /* SceneDelegate.swift in Sources */ = {isa = PBXBuildFile; fileRef = E1EE71B327042AE300C8CE4C /* SceneDelegate.swift */; };
		E1EE71B627042AE300C8CE4C /* ViewController.swift in Sources */ = {isa = PBXBuildFile; fileRef = E1EE71B527042AE300C8CE4C /* ViewController.swift */; };
		E1EE71B927042AE300C8CE4C /* Main.storyboard in Resources */ = {isa = PBXBuildFile; fileRef = E1EE71B727042AE300C8CE4C /* Main.storyboard */; };
		E1EE71BB27042AE500C8CE4C /* Assets.xcassets in Resources */ = {isa = PBXBuildFile; fileRef = E1EE71BA27042AE500C8CE4C /* Assets.xcassets */; };
		E1EE71BE27042AE500C8CE4C /* LaunchScreen.storyboard in Resources */ = {isa = PBXBuildFile; fileRef = E1EE71BC27042AE500C8CE4C /* LaunchScreen.storyboard */; };
		E1EE71C927042AE500C8CE4C /* flixterTests.swift in Sources */ = {isa = PBXBuildFile; fileRef = E1EE71C827042AE500C8CE4C /* flixterTests.swift */; };
		E1EE71D327042AE500C8CE4C /* flixterUITests.swift in Sources */ = {isa = PBXBuildFile; fileRef = E1EE71D227042AE500C8CE4C /* flixterUITests.swift */; };
		E1EE71D527042AE500C8CE4C /* flixterUITestsLaunchTests.swift in Sources */ = {isa = PBXBuildFile; fileRef = E1EE71D427042AE500C8CE4C /* flixterUITestsLaunchTests.swift */; };
/* End PBXBuildFile section */

/* Begin PBXContainerItemProxy section */
		E1EE71C527042AE500C8CE4C /* PBXContainerItemProxy */ = {
			isa = PBXContainerItemProxy;
			containerPortal = E1EE71A627042AE300C8CE4C /* Project object */;
			proxyType = 1;
			remoteGlobalIDString = E1EE71AD27042AE300C8CE4C;
			remoteInfo = flixter;
		};
		E1EE71CF27042AE500C8CE4C /* PBXContainerItemProxy */ = {
			isa = PBXContainerItemProxy;
			containerPortal = E1EE71A627042AE300C8CE4C /* Project object */;
			proxyType = 1;
			remoteGlobalIDString = E1EE71AD27042AE300C8CE4C;
			remoteInfo = flixter;
		};
/* End PBXContainerItemProxy section */

/* Begin PBXFileReference section */
		E1EE71AE27042AE300C8CE4C /* flixter.app */ = {isa = PBXFileReference; explicitFileType = wrapper.application; includeInIndex = 0; path = flixter.app; sourceTree = BUILT_PRODUCTS_DIR; };
		E1EE71B127042AE300C8CE4C /* AppDelegate.swift */ = {isa = PBXFileReference; lastKnownFileType = sourcecode.swift; path = AppDelegate.swift; sourceTree = "<group>"; };
		E1EE71B327042AE300C8CE4C /* SceneDelegate.swift */ = {isa = PBXFileReference; lastKnownFileType = sourcecode.swift; path = SceneDelegate.swift; sourceTree = "<group>"; };
		E1EE71B527042AE300C8CE4C /* ViewController.swift */ = {isa = PBXFileReference; lastKnownFileType = sourcecode.swift; path = ViewController.swift; sourceTree = "<group>"; };
		E1EE71B827042AE300C8CE4C /* Base */ = {isa = PBXFileReference; lastKnownFileType = file.storyboard; name = Base; path = Base.lproj/Main.storyboard; sourceTree = "<group>"; };
		E1EE71BA27042AE500C8CE4C /* Assets.xcassets */ = {isa = PBXFileReference; lastKnownFileType = folder.assetcatalog; path = Assets.xcassets; sourceTree = "<group>"; };
		E1EE71BD27042AE500C8CE4C /* Base */ = {isa = PBXFileReference; lastKnownFileType = file.storyboard; name = Base; path = Base.lproj/LaunchScreen.storyboard; sourceTree = "<group>"; };
		E1EE71BF27042AE500C8CE4C /* Info.plist */ = {isa = PBXFileReference; lastKnownFileType = text.plist.xml; path = Info.plist; sourceTree = "<group>"; };
		E1EE71C427042AE500C8CE4C /* flixterTests.xctest */ = {isa = PBXFileReference; explicitFileType = wrapper.cfbundle; includeInIndex = 0; path = flixterTests.xctest; sourceTree = BUILT_PRODUCTS_DIR; };
		E1EE71C827042AE500C8CE4C /* flixterTests.swift */ = {isa = PBXFileReference; lastKnownFileType = sourcecode.swift; path = flixterTests.swift; sourceTree = "<group>"; };
		E1EE71CE27042AE500C8CE4C /* flixterUITests.xctest */ = {isa = PBXFileReference; explicitFileType = wrapper.cfbundle; includeInIndex = 0; path = flixterUITests.xctest; sourceTree = BUILT_PRODUCTS_DIR; };
		E1EE71D227042AE500C8CE4C /* flixterUITests.swift */ = {isa = PBXFileReference; lastKnownFileType = sourcecode.swift; path = flixterUITests.swift; sourceTree = "<group>"; };
		E1EE71D427042AE500C8CE4C /* flixterUITestsLaunchTests.swift */ = {isa = PBXFileReference; lastKnownFileType = sourcecode.swift; path = flixterUITestsLaunchTests.swift; sourceTree = "<group>"; };
/* End PBXFileReference section */

/* Begin PBXFrameworksBuildPhase section */
		E1EE71AB27042AE300C8CE4C /* Frameworks */ = {
			isa = PBXFrameworksBuildPhase;
			buildActionMask = 2147483647;
			files = (
			);
			runOnlyForDeploymentPostprocessing = 0;
		};
		E1EE71C127042AE500C8CE4C /* Frameworks */ = {
			isa = PBXFrameworksBuildPhase;
			buildActionMask = 2147483647;
			files = (
			);
			runOnlyForDeploymentPostprocessing = 0;
		};
		E1EE71CB27042AE500C8CE4C /* Frameworks */ = {
			isa = PBXFrameworksBuildPhase;
			buildActionMask = 2147483647;
			files = (
			);
			runOnlyForDeploymentPostprocessing = 0;
		};
/* End PBXFrameworksBuildPhase section */

/* Begin PBXGroup section */
		E1EE71A527042AE300C8CE4C = {
			isa = PBXGroup;
			children = (
				E1EE71B027042AE300C8CE4C /* flixter */,
				E1EE71C727042AE500C8CE4C /* flixterTests */,
				E1EE71D127042AE500C8CE4C /* flixterUITests */,
				E1EE71AF27042AE300C8CE4C /* Products */,
			);
			sourceTree = "<group>";
		};
		E1EE71AF27042AE300C8CE4C /* Products */ = {
			isa = PBXGroup;
			children = (
				E1EE71AE27042AE300C8CE4C /* flixter.app */,
				E1EE71C427042AE500C8CE4C /* flixterTests.xctest */,
				E1EE71CE27042AE500C8CE4C /* flixterUITests.xctest */,
			);
			name = Products;
			sourceTree = "<group>";
		};
		E1EE71B027042AE300C8CE4C /* flixter */ = {
			isa = PBXGroup;
			children = (
				E1EE71B127042AE300C8CE4C /* AppDelegate.swift */,
				E1EE71B327042AE300C8CE4C /* SceneDelegate.swift */,
				E1EE71B527042AE300C8CE4C /* ViewController.swift */,
				E1EE71B727042AE300C8CE4C /* Main.storyboard */,
				E1EE71BA27042AE500C8CE4C /* Assets.xcassets */,
				E1EE71BC27042AE500C8CE4C /* LaunchScreen.storyboard */,
				E1EE71BF27042AE500C8CE4C /* Info.plist */,
			);
			path = flixter;
			sourceTree = "<group>";
		};
		E1EE71C727042AE500C8CE4C /* flixterTests */ = {
			isa = PBXGroup;
			children = (
				E1EE71C827042AE500C8CE4C /* flixterTests.swift */,
			);
			path = flixterTests;
			sourceTree = "<group>";
		};
		E1EE71D127042AE500C8CE4C /* flixterUITests */ = {
			isa = PBXGroup;
			children = (
				E1EE71D227042AE500C8CE4C /* flixterUITests.swift */,
				E1EE71D427042AE500C8CE4C /* flixterUITestsLaunchTests.swift */,
			);
			path = flixterUITests;
			sourceTree = "<group>";
		};
/* End PBXGroup section */

/* Begin PBXNativeTarget section */
		E1EE71AD27042AE300C8CE4C /* flixter */ = {
			isa = PBXNativeTarget;
			buildConfigurationList = E1EE71D827042AE500C8CE4C /* Build configuration list for PBXNativeTarget "flixter" */;
			buildPhases = (
				E1EE71AA27042AE300C8CE4C /* Sources */,
				E1EE71AB27042AE300C8CE4C /* Frameworks */,
				E1EE71AC27042AE300C8CE4C /* Resources */,
			);
			buildRules = (
			);
			dependencies = (
			);
			name = flixter;
			productName = flixter;
			productReference = E1EE71AE27042AE300C8CE4C /* flixter.app */;
			productType = "com.apple.product-type.application";
		};
		E1EE71C327042AE500C8CE4C /* flixterTests */ = {
			isa = PBXNativeTarget;
			buildConfigurationList = E1EE71DB27042AE500C8CE4C /* Build configuration list for PBXNativeTarget "flixterTests" */;
			buildPhases = (
				E1EE71C027042AE500C8CE4C /* Sources */,
				E1EE71C127042AE500C8CE4C /* Frameworks */,
				E1EE71C227042AE500C8CE4C /* Resources */,
			);
			buildRules = (
			);
			dependencies = (
				E1EE71C627042AE500C8CE4C /* PBXTargetDependency */,
			);
			name = flixterTests;
			productName = flixterTests;
			productReference = E1EE71C427042AE500C8CE4C /* flixterTests.xctest */;
			productType = "com.apple.product-type.bundle.unit-test";
		};
		E1EE71CD27042AE500C8CE4C /* flixterUITests */ = {
			isa = PBXNativeTarget;
			buildConfigurationList = E1EE71DE27042AE500C8CE4C /* Build configuration list for PBXNativeTarget "flixterUITests" */;
			buildPhases = (
				E1EE71CA27042AE500C8CE4C /* Sources */,
				E1EE71CB27042AE500C8CE4C /* Frameworks */,
				E1EE71CC27042AE500C8CE4C /* Resources */,
			);
			buildRules = (
			);
			dependencies = (
				E1EE71D027042AE500C8CE4C /* PBXTargetDependency */,
			);
			name = flixterUITests;
			productName = flixterUITests;
			productReference = E1EE71CE27042AE500C8CE4C /* flixterUITests.xctest */;
			productType = "com.apple.product-type.bundle.ui-testing";
		};
/* End PBXNativeTarget section */

/* Begin PBXProject section */
		E1EE71A627042AE300C8CE4C /* Project object */ = {
			isa = PBXProject;
			attributes = {
				BuildIndependentTargetsInParallel = 1;
				LastSwiftUpdateCheck = 1300;
				LastUpgradeCheck = 1300;
				TargetAttributes = {
					E1EE71AD27042AE300C8CE4C = {
						CreatedOnToolsVersion = 13.0;
					};
					E1EE71C327042AE500C8CE4C = {
						CreatedOnToolsVersion = 13.0;
						TestTargetID = E1EE71AD27042AE300C8CE4C;
					};
					E1EE71CD27042AE500C8CE4C = {
						CreatedOnToolsVersion = 13.0;
						TestTargetID = E1EE71AD27042AE300C8CE4C;
					};
				};
			};
			buildConfigurationList = E1EE71A927042AE300C8CE4C /* Build configuration list for PBXProject "flixter" */;
			compatibilityVersion = "Xcode 13.0";
			developmentRegion = en;
			hasScannedForEncodings = 0;
			knownRegions = (
				en,
				Base,
			);
			mainGroup = E1EE71A527042AE300C8CE4C;
			productRefGroup = E1EE71AF27042AE300C8CE4C /* Products */;
			projectDirPath = "";
			projectRoot = "";
			targets = (
				E1EE71AD27042AE300C8CE4C /* flixter */,
				E1EE71C327042AE500C8CE4C /* flixterTests */,
				E1EE71CD27042AE500C8CE4C /* flixterUITests */,
			);
		};
/* End PBXProject section */

/* Begin PBXResourcesBuildPhase section */
		E1EE71AC27042AE300C8CE4C /* Resources */ = {
			isa = PBXResourcesBuildPhase;
			buildActionMask = 2147483647;
			files = (
				E1EE71BE27042AE500C8CE4C /* LaunchScreen.storyboard in Resources */,
				E1EE71BB27042AE500C8CE4C /* Assets.xcassets in Resources */,
				E1EE71B927042AE300C8CE4C /* Main.storyboard in Resources */,
			);
			runOnlyForDeploymentPostprocessing = 0;
		};
		E1EE71C227042AE500C8CE4C /* Resources */ = {
			isa = PBXResourcesBuildPhase;
			buildActionMask = 2147483647;
			files = (
			);
			runOnlyForDeploymentPostprocessing = 0;
		};
		E1EE71CC27042AE500C8CE4C /* Resources */ = {
			isa = PBXResourcesBuildPhase;
			buildActionMask = 2147483647;
			files = (
			);
			runOnlyForDeploymentPostprocessing = 0;
		};
/* End PBXResourcesBuildPhase section */

/* Begin PBXSourcesBuildPhase section */
		E1EE71AA27042AE300C8CE4C /* Sources */ = {
			isa = PBXSourcesBuildPhase;
			buildActionMask = 2147483647;
			files = (
				E1EE71B627042AE300C8CE4C /* ViewController.swift in Sources */,
				E1EE71B227042AE300C8CE4C /* AppDelegate.swift in Sources */,
				E1EE71B427042AE300C8CE4C /* SceneDelegate.swift in Sources */,
			);
			runOnlyForDeploymentPostprocessing = 0;
		};
		E1EE71C027042AE500C8CE4C /* Sources */ = {
			isa = PBXSourcesBuildPhase;
			buildActionMask = 2147483647;
			files = (
				E1EE71C927042AE500C8CE4C /* flixterTests.swift in Sources */,
			);
			runOnlyForDeploymentPostprocessing = 0;
		};
		E1EE71CA27042AE500C8CE4C /* Sources */ = {
			isa = PBXSourcesBuildPhase;
			buildActionMask = 2147483647;
			files = (
				E1EE71D327042AE500C8CE4C /* flixterUITests.swift in Sources */,
				E1EE71D527042AE500C8CE4C /* flixterUITestsLaunchTests.swift in Sources */,
			);
			runOnlyForDeploymentPostprocessing = 0;
		};
/* End PBXSourcesBuildPhase section */

/* Begin PBXTargetDependency section */
		E1EE71C627042AE500C8CE4C /* PBXTargetDependency */ = {
			isa = PBXTargetDependency;
			target = E1EE71AD27042AE300C8CE4C /* flixter */;
			targetProxy = E1EE71C527042AE500C8CE4C /* PBXContainerItemProxy */;
		};
		E1EE71D027042AE500C8CE4C /* PBXTargetDependency */ = {
			isa = PBXTargetDependency;
			target = E1EE71AD27042AE300C8CE4C /* flixter */;
			targetProxy = E1EE71CF27042AE500C8CE4C /* PBXContainerItemProxy */;
		};
/* End PBXTargetDependency section */

/* Begin PBXVariantGroup section */
		E1EE71B727042AE300C8CE4C /* Main.storyboard */ = {
			isa = PBXVariantGroup;
			children = (
				E1EE71B827042AE300C8CE4C /* Base */,
			);
			name = Main.storyboard;
			sourceTree = "<group>";
		};
		E1EE71BC27042AE500C8CE4C /* LaunchScreen.storyboard */ = {
			isa = PBXVariantGroup;
			children = (
				E1EE71BD27042AE500C8CE4C /* Base */,
			);
			name = LaunchScreen.storyboard;
			sourceTree = "<group>";
		};
/* End PBXVariantGroup section */

/* Begin XCBuildConfiguration section */
		E1EE71D627042AE500C8CE4C /* Debug */ = {
			isa = XCBuildConfiguration;
			buildSettings = {
				ALWAYS_SEARCH_USER_PATHS = NO;
				CLANG_ANALYZER_NONNULL = YES;
				CLANG_ANALYZER_NUMBER_OBJECT_CONVERSION = YES_AGGRESSIVE;
				CLANG_CXX_LANGUAGE_STANDARD = "gnu++17";
				CLANG_CXX_LIBRARY = "libc++";
				CLANG_ENABLE_MODULES = YES;
				CLANG_ENABLE_OBJC_ARC = YES;
				CLANG_ENABLE_OBJC_WEAK = YES;
				CLANG_WARN_BLOCK_CAPTURE_AUTORELEASING = YES;
				CLANG_WARN_BOOL_CONVERSION = YES;
				CLANG_WARN_COMMA = YES;
				CLANG_WARN_CONSTANT_CONVERSION = YES;
				CLANG_WARN_DEPRECATED_OBJC_IMPLEMENTATIONS = YES;
				CLANG_WARN_DIRECT_OBJC_ISA_USAGE = YES_ERROR;
				CLANG_WARN_DOCUMENTATION_COMMENTS = YES;
				CLANG_WARN_EMPTY_BODY = YES;
				CLANG_WARN_ENUM_CONVERSION = YES;
				CLANG_WARN_INFINITE_RECURSION = YES;
				CLANG_WARN_INT_CONVERSION = YES;
				CLANG_WARN_NON_LITERAL_NULL_CONVERSION = YES;
				CLANG_WARN_OBJC_IMPLICIT_RETAIN_SELF = YES;
				CLANG_WARN_OBJC_LITERAL_CONVERSION = YES;
				CLANG_WARN_OBJC_ROOT_CLASS = YES_ERROR;
				CLANG_WARN_QUOTED_INCLUDE_IN_FRAMEWORK_HEADER = YES;
				CLANG_WARN_RANGE_LOOP_ANALYSIS = YES;
				CLANG_WARN_STRICT_PROTOTYPES = YES;
				CLANG_WARN_SUSPICIOUS_MOVE = YES;
				CLANG_WARN_UNGUARDED_AVAILABILITY = YES_AGGRESSIVE;
				CLANG_WARN_UNREACHABLE_CODE = YES;
				CLANG_WARN__DUPLICATE_METHOD_MATCH = YES;
				COPY_PHASE_STRIP = NO;
				DEBUG_INFORMATION_FORMAT = dwarf;
				ENABLE_STRICT_OBJC_MSGSEND = YES;
				ENABLE_TESTABILITY = YES;
				GCC_C_LANGUAGE_STANDARD = gnu11;
				GCC_DYNAMIC_NO_PIC = NO;
				GCC_NO_COMMON_BLOCKS = YES;
				GCC_OPTIMIZATION_LEVEL = 0;
				GCC_PREPROCESSOR_DEFINITIONS = (
					"DEBUG=1",
					"$(inherited)",
				);
				GCC_WARN_64_TO_32_BIT_CONVERSION = YES;
				GCC_WARN_ABOUT_RETURN_TYPE = YES_ERROR;
				GCC_WARN_UNDECLARED_SELECTOR = YES;
				GCC_WARN_UNINITIALIZED_AUTOS = YES_AGGRESSIVE;
				GCC_WARN_UNUSED_FUNCTION = YES;
				GCC_WARN_UNUSED_VARIABLE = YES;
				IPHONEOS_DEPLOYMENT_TARGET = 15.0;
				MTL_ENABLE_DEBUG_INFO = INCLUDE_SOURCE;
				MTL_FAST_MATH = YES;
				ONLY_ACTIVE_ARCH = YES;
				SDKROOT = iphoneos;
				SWIFT_ACTIVE_COMPILATION_CONDITIONS = DEBUG;
				SWIFT_OPTIMIZATION_LEVEL = "-Onone";
			};
			name = Debug;
		};
		E1EE71D727042AE500C8CE4C /* Release */ = {
			isa = XCBuildConfiguration;
			buildSettings = {
				ALWAYS_SEARCH_USER_PATHS = NO;
				CLANG_ANALYZER_NONNULL = YES;
				CLANG_ANALYZER_NUMBER_OBJECT_CONVERSION = YES_AGGRESSIVE;
				CLANG_CXX_LANGUAGE_STANDARD = "gnu++17";
				CLANG_CXX_LIBRARY = "libc++";
				CLANG_ENABLE_MODULES = YES;
				CLANG_ENABLE_OBJC_ARC = YES;
				CLANG_ENABLE_OBJC_WEAK = YES;
				CLANG_WARN_BLOCK_CAPTURE_AUTORELEASING = YES;
				CLANG_WARN_BOOL_CONVERSION = YES;
				CLANG_WARN_COMMA = YES;
				CLANG_WARN_CONSTANT_CONVERSION = YES;
				CLANG_WARN_DEPRECATED_OBJC_IMPLEMENTATIONS = YES;
				CLANG_WARN_DIRECT_OBJC_ISA_USAGE = YES_ERROR;
				CLANG_WARN_DOCUMENTATION_COMMENTS = YES;
				CLANG_WARN_EMPTY_BODY = YES;
				CLANG_WARN_ENUM_CONVERSION = YES;
				CLANG_WARN_INFINITE_RECURSION = YES;
				CLANG_WARN_INT_CONVERSION = YES;
				CLANG_WARN_NON_LITERAL_NULL_CONVERSION = YES;
				CLANG_WARN_OBJC_IMPLICIT_RETAIN_SELF = YES;
				CLANG_WARN_OBJC_LITERAL_CONVERSION = YES;
				CLANG_WARN_OBJC_ROOT_CLASS = YES_ERROR;
				CLANG_WARN_QUOTED_INCLUDE_IN_FRAMEWORK_HEADER = YES;
				CLANG_WARN_RANGE_LOOP_ANALYSIS = YES;
				CLANG_WARN_STRICT_PROTOTYPES = YES;
				CLANG_WARN_SUSPICIOUS_MOVE = YES;
				CLANG_WARN_UNGUARDED_AVAILABILITY = YES_AGGRESSIVE;
				CLANG_WARN_UNREACHABLE_CODE = YES;
				CLANG_WARN__DUPLICATE_METHOD_MATCH = YES;
				COPY_PHASE_STRIP = NO;
				DEBUG_INFORMATION_FORMAT = "dwarf-with-dsym";
				ENABLE_NS_ASSERTIONS = NO;
				ENABLE_STRICT_OBJC_MSGSEND = YES;
				GCC_C_LANGUAGE_STANDARD = gnu11;
				GCC_NO_COMMON_BLOCKS = YES;
				GCC_WARN_64_TO_32_BIT_CONVERSION = YES;
				GCC_WARN_ABOUT_RETURN_TYPE = YES_ERROR;
				GCC_WARN_UNDECLARED_SELECTOR = YES;
				GCC_WARN_UNINITIALIZED_AUTOS = YES_AGGRESSIVE;
				GCC_WARN_UNUSED_FUNCTION = YES;
				GCC_WARN_UNUSED_VARIABLE = YES;
				IPHONEOS_DEPLOYMENT_TARGET = 15.0;
				MTL_ENABLE_DEBUG_INFO = NO;
				MTL_FAST_MATH = YES;
				SDKROOT = iphoneos;
				SWIFT_COMPILATION_MODE = wholemodule;
				SWIFT_OPTIMIZATION_LEVEL = "-O";
				VALIDATE_PRODUCT = YES;
			};
			name = Release;
		};
		E1EE71D927042AE500C8CE4C /* Debug */ = {
			isa = XCBuildConfiguration;
			buildSettings = {
				ASSETCATALOG_COMPILER_APPICON_NAME = AppIcon;
				ASSETCATALOG_COMPILER_GLOBAL_ACCENT_COLOR_NAME = AccentColor;
				CODE_SIGN_STYLE = Automatic;
				CURRENT_PROJECT_VERSION = 1;
				DEVELOPMENT_TEAM = GHQ4ZS67UN;
				GENERATE_INFOPLIST_FILE = YES;
				INFOPLIST_FILE = flixter/Info.plist;
				INFOPLIST_KEY_UIApplicationSupportsIndirectInputEvents = YES;
				INFOPLIST_KEY_UILaunchStoryboardName = LaunchScreen;
				INFOPLIST_KEY_UIMainStoryboardFile = Main;
				INFOPLIST_KEY_UISupportedInterfaceOrientations_iPad = "UIInterfaceOrientationPortrait UIInterfaceOrientationPortraitUpsideDown UIInterfaceOrientationLandscapeLeft UIInterfaceOrientationLandscapeRight";
				INFOPLIST_KEY_UISupportedInterfaceOrientations_iPhone = "UIInterfaceOrientationPortrait UIInterfaceOrientationLandscapeLeft UIInterfaceOrientationLandscapeRight";
				LD_RUNPATH_SEARCH_PATHS = (
					"$(inherited)",
					"@executable_path/Frameworks",
				);
				MARKETING_VERSION = 1.0;
				PRODUCT_BUNDLE_IDENTIFIER = com.codepath.flixter;
				PRODUCT_NAME = "$(TARGET_NAME)";
				SWIFT_EMIT_LOC_STRINGS = YES;
				SWIFT_VERSION = 5.0;
				TARGETED_DEVICE_FAMILY = "1,2";
			};
			name = Debug;
		};
		E1EE71DA27042AE500C8CE4C /* Release */ = {
			isa = XCBuildConfiguration;
			buildSettings = {
				ASSETCATALOG_COMPILER_APPICON_NAME = AppIcon;
				ASSETCATALOG_COMPILER_GLOBAL_ACCENT_COLOR_NAME = AccentColor;
				CODE_SIGN_STYLE = Automatic;
				CURRENT_PROJECT_VERSION = 1;
				DEVELOPMENT_TEAM = GHQ4ZS67UN;
				GENERATE_INFOPLIST_FILE = YES;
				INFOPLIST_FILE = flixter/Info.plist;
				INFOPLIST_KEY_UIApplicationSupportsIndirectInputEvents = YES;
				INFOPLIST_KEY_UILaunchStoryboardName = LaunchScreen;
				INFOPLIST_KEY_UIMainStoryboardFile = Main;
				INFOPLIST_KEY_UISupportedInterfaceOrientations_iPad = "UIInterfaceOrientationPortrait UIInterfaceOrientationPortraitUpsideDown UIInterfaceOrientationLandscapeLeft UIInterfaceOrientationLandscapeRight";
				INFOPLIST_KEY_UISupportedInterfaceOrientations_iPhone = "UIInterfaceOrientationPortrait UIInterfaceOrientationLandscapeLeft UIInterfaceOrientationLandscapeRight";
				LD_RUNPATH_SEARCH_PATHS = (
					"$(inherited)",
					"@executable_path/Frameworks",
				);
				MARKETING_VERSION = 1.0;
				PRODUCT_BUNDLE_IDENTIFIER = com.codepath.flixter;
				PRODUCT_NAME = "$(TARGET_NAME)";
				SWIFT_EMIT_LOC_STRINGS = YES;
				SWIFT_VERSION = 5.0;
				TARGETED_DEVICE_FAMILY = "1,2";
			};
			name = Release;
		};
		E1EE71DC27042AE500C8CE4C /* Debug */ = {
			isa = XCBuildConfiguration;
			buildSettings = {
				ALWAYS_EMBED_SWIFT_STANDARD_LIBRARIES = YES;
				BUNDLE_LOADER = "$(TEST_HOST)";
				CODE_SIGN_STYLE = Automatic;
				CURRENT_PROJECT_VERSION = 1;
				DEVELOPMENT_TEAM = GHQ4ZS67UN;
				GENERATE_INFOPLIST_FILE = YES;
				IPHONEOS_DEPLOYMENT_TARGET = 15.0;
				LD_RUNPATH_SEARCH_PATHS = (
					"$(inherited)",
					"@executable_path/Frameworks",
					"@loader_path/Frameworks",
				);
				MARKETING_VERSION = 1.0;
				PRODUCT_BUNDLE_IDENTIFIER = com.codepath.flixterTests;
				PRODUCT_NAME = "$(TARGET_NAME)";
				SWIFT_EMIT_LOC_STRINGS = NO;
				SWIFT_VERSION = 5.0;
				TARGETED_DEVICE_FAMILY = "1,2";
				TEST_HOST = "$(BUILT_PRODUCTS_DIR)/flixter.app/flixter";
			};
			name = Debug;
		};
		E1EE71DD27042AE500C8CE4C /* Release */ = {
			isa = XCBuildConfiguration;
			buildSettings = {
				ALWAYS_EMBED_SWIFT_STANDARD_LIBRARIES = YES;
				BUNDLE_LOADER = "$(TEST_HOST)";
				CODE_SIGN_STYLE = Automatic;
				CURRENT_PROJECT_VERSION = 1;
				DEVELOPMENT_TEAM = GHQ4ZS67UN;
				GENERATE_INFOPLIST_FILE = YES;
				IPHONEOS_DEPLOYMENT_TARGET = 15.0;
				LD_RUNPATH_SEARCH_PATHS = (
					"$(inherited)",
					"@executable_path/Frameworks",
					"@loader_path/Frameworks",
				);
				MARKETING_VERSION = 1.0;
				PRODUCT_BUNDLE_IDENTIFIER = com.codepath.flixterTests;
				PRODUCT_NAME = "$(TARGET_NAME)";
				SWIFT_EMIT_LOC_STRINGS = NO;
				SWIFT_VERSION = 5.0;
				TARGETED_DEVICE_FAMILY = "1,2";
				TEST_HOST = "$(BUILT_PRODUCTS_DIR)/flixter.app/flixter";
			};
			name = Release;
		};
		E1EE71DF27042AE500C8CE4C /* Debug */ = {
			isa = XCBuildConfiguration;
			buildSettings = {
				ALWAYS_EMBED_SWIFT_STANDARD_LIBRARIES = YES;
				CODE_SIGN_STYLE = Automatic;
				CURRENT_PROJECT_VERSION = 1;
				DEVELOPMENT_TEAM = GHQ4ZS67UN;
				GENERATE_INFOPLIST_FILE = YES;
				LD_RUNPATH_SEARCH_PATHS = (
					"$(inherited)",
					"@executable_path/Frameworks",
					"@loader_path/Frameworks",
				);
				MARKETING_VERSION = 1.0;
				PRODUCT_BUNDLE_IDENTIFIER = com.codepath.flixterUITests;
				PRODUCT_NAME = "$(TARGET_NAME)";
				SWIFT_EMIT_LOC_STRINGS = NO;
				SWIFT_VERSION = 5.0;
				TARGETED_DEVICE_FAMILY = "1,2";
				TEST_TARGET_NAME = flixter;
			};
			name = Debug;
		};
		E1EE71E027042AE500C8CE4C /* Release */ = {
			isa = XCBuildConfiguration;
			buildSettings = {
				ALWAYS_EMBED_SWIFT_STANDARD_LIBRARIES = YES;
				CODE_SIGN_STYLE = Automatic;
				CURRENT_PROJECT_VERSION = 1;
				DEVELOPMENT_TEAM = GHQ4ZS67UN;
				GENERATE_INFOPLIST_FILE = YES;
				LD_RUNPATH_SEARCH_PATHS = (
					"$(inherited)",
					"@executable_path/Frameworks",
					"@loader_path/Frameworks",
				);
				MARKETING_VERSION = 1.0;
				PRODUCT_BUNDLE_IDENTIFIER = com.codepath.flixterUITests;
				PRODUCT_NAME = "$(TARGET_NAME)";
				SWIFT_EMIT_LOC_STRINGS = NO;
				SWIFT_VERSION = 5.0;
				TARGETED_DEVICE_FAMILY = "1,2";
				TEST_TARGET_NAME = flixter;
			};
			name = Release;
		};
/* End XCBuildConfiguration section */

/* Begin XCConfigurationList section */
		E1EE71A927042AE300C8CE4C /* Build configuration list for PBXProject "flixter" */ = {
			isa = XCConfigurationList;
			buildConfigurations = (
				E1EE71D627042AE500C8CE4C /* Debug */,
				E1EE71D727042AE500C8CE4C /* Release */,
			);
			defaultConfigurationIsVisible = 0;
			defaultConfigurationName = Release;
		};
		E1EE71D827042AE500C8CE4C /* Build configuration list for PBXNativeTarget "flixter" */ = {
			isa = XCConfigurationList;
			buildConfigurations = (
				E1EE71D927042AE500C8CE4C /* Debug */,
				E1EE71DA27042AE500C8CE4C /* Release */,
			);
			defaultConfigurationIsVisible = 0;
			defaultConfigurationName = Release;
		};
		E1EE71DB27042AE500C8CE4C /* Build configuration list for PBXNativeTarget "flixterTests" */ = {
			isa = XCConfigurationList;
			buildConfigurations = (
				E1EE71DC27042AE500C8CE4C /* Debug */,
				E1EE71DD27042AE500C8CE4C /* Release */,
			);
			defaultConfigurationIsVisible = 0;
			defaultConfigurationName = Release;
		};
		E1EE71DE27042AE500C8CE4C /* Build configuration list for PBXNativeTarget "flixterUITests" */ = {
			isa = XCConfigurationList;
			buildConfigurations = (
				E1EE71DF27042AE500C8CE4C /* Debug */,
				E1EE71E027042AE500C8CE4C /* Release */,
			);
			defaultConfigurationIsVisible = 0;
			defaultConfigurationName = Release;
		};
/* End XCConfigurationList section */
	};
	rootObject = E1EE71A627042AE300C8CE4C /* Project object */;
}
