// !$*UTF8*$!
{
	archiveVersion = 1;
	classes = {
	};
	objectVersion = 55;
	objects = {

/* Begin PBXBuildFile section */
		0FDE8AC67AE2C2011B5B4B4B /* Pods_flixter_flixterUITests.framework in Frameworks */ = {isa = PBXBuildFile; fileRef = 4B424C824EEFCDB3156C0243 /* Pods_flixter_flixterUITests.framework */; };
		E1EE71B227042AE300C8CE4C /* AppDelegate.swift in Sources */ = {isa = PBXBuildFile; fileRef = E1EE71B127042AE300C8CE4C /* AppDelegate.swift */; };
		E1EE71B427042AE300C8CE4C /* SceneDelegate.swift in Sources */ = {isa = PBXBuildFile; fileRef = E1EE71B327042AE300C8CE4C /* SceneDelegate.swift */; };
		E1EE71B627042AE300C8CE4C /* MoviesViewController.swift in Sources */ = {isa = PBXBuildFile; fileRef = E1EE71B527042AE300C8CE4C /* MoviesViewController.swift */; };
		E1EE71B927042AE300C8CE4C /* Main.storyboard in Resources */ = {isa = PBXBuildFile; fileRef = E1EE71B727042AE300C8CE4C /* Main.storyboard */; };
		E1EE71BB27042AE500C8CE4C /* Assets.xcassets in Resources */ = {isa = PBXBuildFile; fileRef = E1EE71BA27042AE500C8CE4C /* Assets.xcassets */; };
		E1EE71BE27042AE500C8CE4C /* LaunchScreen.storyboard in Resources */ = {isa = PBXBuildFile; fileRef = E1EE71BC27042AE500C8CE4C /* LaunchScreen.storyboard */; };
		E1EE71C927042AE500C8CE4C /* flixterTests.swift in Sources */ = {isa = PBXBuildFile; fileRef = E1EE71C827042AE500C8CE4C /* flixterTests.swift */; };
		E1EE71D327042AE500C8CE4C /* flixterUITests.swift in Sources */ = {isa = PBXBuildFile; fileRef = E1EE71D227042AE500C8CE4C /* flixterUITests.swift */; };
		E1EE71D527042AE500C8CE4C /* flixterUITestsLaunchTests.swift in Sources */ = {isa = PBXBuildFile; fileRef = E1EE71D427042AE500C8CE4C /* flixterUITestsLaunchTests.swift */; };
		E1EE71E42705313C00C8CE4C /* MovieCell.swift in Sources */ = {isa = PBXBuildFile; fileRef = E1EE71E32705313C00C8CE4C /* MovieCell.swift */; };
		EB79AB798BD90F66CB839766 /* Pods_flixter.framework in Frameworks */ = {isa = PBXBuildFile; fileRef = 11EEE4DE477B89D0B89E76A2 /* Pods_flixter.framework */; };
		EE83F1EC2B96CF10907818C3 /* Pods_flixterTests.framework in Frameworks */ = {isa = PBXBuildFile; fileRef = D2370141471A7833CB4BFF8E /* Pods_flixterTests.framework */; };
/* End PBXBuildFile section */

/* Begin PBXContainerItemProxy section */
		E1EE71C527042AE500C8CE4C /* PBXContainerItemProxy */ = {
			isa = PBXContainerItemProxy;
			containerPortal = E1EE71A627042AE300C8CE4C /* Project object */;
			proxyType = 1;
			remoteGlobalIDString = E1EE71AD27042AE300C8CE4C;
			remoteInfo = flixter;
		};
		E1EE71CF27042AE500C8CE4C /* PBXContainerItemProxy */ = {
			isa = PBXContainerItemProxy;
			containerPortal = E1EE71A627042AE300C8CE4C /* Project object */;
			proxyType = 1;
			remoteGlobalIDString = E1EE71AD27042AE300C8CE4C;
			remoteInfo = flixter;
		};
/* End PBXContainerItemProxy section */

/* Begin PBXFileReference section */
		0BA12C4C4A0B29919B3C4E3E /* Pods-flixter-flixterUITests.debug.xcconfig */ = {isa = PBXFileReference; includeInIndex = 1; lastKnownFileType = text.xcconfig; name = "Pods-flixter-flixterUITests.debug.xcconfig"; path = "Target Support Files/Pods-flixter-flixterUITests/Pods-flixter-flixterUITests.debug.xcconfig"; sourceTree = "<group>"; };
		11EEE4DE477B89D0B89E76A2 /* Pods_flixter.framework */ = {isa = PBXFileReference; explicitFileType = wrapper.framework; includeInIndex = 0; path = Pods_flixter.framework; sourceTree = BUILT_PRODUCTS_DIR; };
		36D51D8A08B7ABC29A03BACC /* Pods-flixter-flixterUITests.release.xcconfig */ = {isa = PBXFileReference; includeInIndex = 1; lastKnownFileType = text.xcconfig; name = "Pods-flixter-flixterUITests.release.xcconfig"; path = "Target Support Files/Pods-flixter-flixterUITests/Pods-flixter-flixterUITests.release.xcconfig"; sourceTree = "<group>"; };
		4B424C824EEFCDB3156C0243 /* Pods_flixter_flixterUITests.framework */ = {isa = PBXFileReference; explicitFileType = wrapper.framework; includeInIndex = 0; path = Pods_flixter_flixterUITests.framework; sourceTree = BUILT_PRODUCTS_DIR; };
		51AF9192E061B4281C590EC5 /* Pods-flixter.release.xcconfig */ = {isa = PBXFileReference; includeInIndex = 1; lastKnownFileType = text.xcconfig; name = "Pods-flixter.release.xcconfig"; path = "Target Support Files/Pods-flixter/Pods-flixter.release.xcconfig"; sourceTree = "<group>"; };
		7E615811CB2523F0A7DA1DC0 /* Pods-flixter.debug.xcconfig */ = {isa = PBXFileReference; includeInIndex = 1; lastKnownFileType = text.xcconfig; name = "Pods-flixter.debug.xcconfig"; path = "Target Support Files/Pods-flixter/Pods-flixter.debug.xcconfig"; sourceTree = "<group>"; };
		8669C7F25A666BDF9CF681B7 /* Pods-flixterTests.debug.xcconfig */ = {isa = PBXFileReference; includeInIndex = 1; lastKnownFileType = text.xcconfig; name = "Pods-flixterTests.debug.xcconfig"; path = "Target Support Files/Pods-flixterTests/Pods-flixterTests.debug.xcconfig"; sourceTree = "<group>"; };
		9B2DF9B8D4E8999D6D14FBD5 /* Pods-flixterTests.release.xcconfig */ = {isa = PBXFileReference; includeInIndex = 1; lastKnownFileType = text.xcconfig; name = "Pods-flixterTests.release.xcconfig"; path = "Target Support Files/Pods-flixterTests/Pods-flixterTests.release.xcconfig"; sourceTree = "<group>"; };
		D2370141471A7833CB4BFF8E /* Pods_flixterTests.framework */ = {isa = PBXFileReference; explicitFileType = wrapper.framework; includeInIndex = 0; path = Pods_flixterTests.framework; sourceTree = BUILT_PRODUCTS_DIR; };
		E1EE71AE27042AE300C8CE4C /* flixter.app */ = {isa = PBXFileReference; explicitFileType = wrapper.application; includeInIndex = 0; path = flixter.app; sourceTree = BUILT_PRODUCTS_DIR; };
		E1EE71B127042AE300C8CE4C /* AppDelegate.swift */ = {isa = PBXFileReference; lastKnownFileType = sourcecode.swift; path = AppDelegate.swift; sourceTree = "<group>"; };
		E1EE71B327042AE300C8CE4C /* SceneDelegate.swift */ = {isa = PBXFileReference; lastKnownFileType = sourcecode.swift; path = SceneDelegate.swift; sourceTree = "<group>"; };
		E1EE71B527042AE300C8CE4C /* MoviesViewController.swift */ = {isa = PBXFileReference; lastKnownFileType = sourcecode.swift; path = MoviesViewController.swift; sourceTree = "<group>"; };
		E1EE71B827042AE300C8CE4C /* Base */ = {isa = PBXFileReference; lastKnownFileType = file.storyboard; name = Base; path = Base.lproj/Main.storyboard; sourceTree = "<group>"; };
		E1EE71BA27042AE500C8CE4C /* Assets.xcassets */ = {isa = PBXFileReference; lastKnownFileType = folder.assetcatalog; path = Assets.xcassets; sourceTree = "<group>"; };
		E1EE71BD27042AE500C8CE4C /* Base */ = {isa = PBXFileReference; lastKnownFileType = file.storyboard; name = Base; path = Base.lproj/LaunchScreen.storyboard; sourceTree = "<group>"; };
		E1EE71BF27042AE500C8CE4C /* Info.plist */ = {isa = PBXFileReference; lastKnownFileType = text.plist.xml; path = Info.plist; sourceTree = "<group>"; };
		E1EE71C427042AE500C8CE4C /* flixterTests.xctest */ = {isa = PBXFileReference; explicitFileType = wrapper.cfbundle; includeInIndex = 0; path = flixterTests.xctest; sourceTree = BUILT_PRODUCTS_DIR; };
		E1EE71C827042AE500C8CE4C /* flixterTests.swift */ = {isa = PBXFileReference; lastKnownFileType = sourcecode.swift; path = flixterTests.swift; sourceTree = "<group>"; };
		E1EE71CE27042AE500C8CE4C /* flixterUITests.xctest */ = {isa = PBXFileReference; explicitFileType = wrapper.cfbundle; includeInIndex = 0; path = flixterUITests.xctest; sourceTree = BUILT_PRODUCTS_DIR; };
		E1EE71D227042AE500C8CE4C /* flixterUITests.swift */ = {isa = PBXFileReference; lastKnownFileType = sourcecode.swift; path = flixterUITests.swift; sourceTree = "<group>"; };
		E1EE71D427042AE500C8CE4C /* flixterUITestsLaunchTests.swift */ = {isa = PBXFileReference; lastKnownFileType = sourcecode.swift; path = flixterUITestsLaunchTests.swift; sourceTree = "<group>"; };
		E1EE71E32705313C00C8CE4C /* MovieCell.swift */ = {isa = PBXFileReference; lastKnownFileType = sourcecode.swift; path = MovieCell.swift; sourceTree = "<group>"; };
/* End PBXFileReference section */

/* Begin PBXFrameworksBuildPhase section */
		E1EE71AB27042AE300C8CE4C /* Frameworks */ = {
			isa = PBXFrameworksBuildPhase;
			buildActionMask = 2147483647;
			files = (
				EB79AB798BD90F66CB839766 /* Pods_flixter.framework in Frameworks */,
			);
			runOnlyForDeploymentPostprocessing = 0;
		};
		E1EE71C127042AE500C8CE4C /* Frameworks */ = {
			isa = PBXFrameworksBuildPhase;
			buildActionMask = 2147483647;
			files = (
				EE83F1EC2B96CF10907818C3 /* Pods_flixterTests.framework in Frameworks */,
			);
			runOnlyForDeploymentPostprocessing = 0;
		};
		E1EE71CB27042AE500C8CE4C /* Frameworks */ = {
			isa = PBXFrameworksBuildPhase;
			buildActionMask = 2147483647;
			files = (
				0FDE8AC67AE2C2011B5B4B4B /* Pods_flixter_flixterUITests.framework in Frameworks */,
			);
			runOnlyForDeploymentPostprocessing = 0;
		};
/* End PBXFrameworksBuildPhase section */

/* Begin PBXGroup section */
		6D70C7D1298D9235E60F6FC9 /* Pods */ = {
			isa = PBXGroup;
			children = (
				7E615811CB2523F0A7DA1DC0 /* Pods-flixter.debug.xcconfig */,
				51AF9192E061B4281C590EC5 /* Pods-flixter.release.xcconfig */,
				0BA12C4C4A0B29919B3C4E3E /* Pods-flixter-flixterUITests.debug.xcconfig */,
				36D51D8A08B7ABC29A03BACC /* Pods-flixter-flixterUITests.release.xcconfig */,
				8669C7F25A666BDF9CF681B7 /* Pods-flixterTests.debug.xcconfig */,
				9B2DF9B8D4E8999D6D14FBD5 /* Pods-flixterTests.release.xcconfig */,
			);
			name = Pods;
			path = Pods;
			sourceTree = "<group>";
		};
		CEC2EF010860C0792F8B7380 /* Frameworks */ = {
			isa = PBXGroup;
			children = (
				11EEE4DE477B89D0B89E76A2 /* Pods_flixter.framework */,
				4B424C824EEFCDB3156C0243 /* Pods_flixter_flixterUITests.framework */,
				D2370141471A7833CB4BFF8E /* Pods_flixterTests.framework */,
			);
			name = Frameworks;
			sourceTree = "<group>";
		};
		E1EE71A527042AE300C8CE4C = {
			isa = PBXGroup;
			children = (
				E1EE71B027042AE300C8CE4C /* flixter */,
				E1EE71C727042AE500C8CE4C /* flixterTests */,
				E1EE71D127042AE500C8CE4C /* flixterUITests */,
				E1EE71AF27042AE300C8CE4C /* Products */,
				6D70C7D1298D9235E60F6FC9 /* Pods */,
				CEC2EF010860C0792F8B7380 /* Frameworks */,
			);
			sourceTree = "<group>";
		};
		E1EE71AF27042AE300C8CE4C /* Products */ = {
			isa = PBXGroup;
			children = (
				E1EE71AE27042AE300C8CE4C /* flixter.app */,
				E1EE71C427042AE500C8CE4C /* flixterTests.xctest */,
				E1EE71CE27042AE500C8CE4C /* flixterUITests.xctest */,
			);
			name = Products;
			sourceTree = "<group>";
		};
		E1EE71B027042AE300C8CE4C /* flixter */ = {
			isa = PBXGroup;
			children = (
				E1EE71B127042AE300C8CE4C /* AppDelegate.swift */,
				E1EE71B327042AE300C8CE4C /* SceneDelegate.swift */,
				E1EE71B527042AE300C8CE4C /* MoviesViewController.swift */,
				E1EE71B727042AE300C8CE4C /* Main.storyboard */,
				E1EE71BA27042AE500C8CE4C /* Assets.xcassets */,
				E1EE71BC27042AE500C8CE4C /* LaunchScreen.storyboard */,
				E1EE71BF27042AE500C8CE4C /* Info.plist */,
				E1EE71E32705313C00C8CE4C /* MovieCell.swift */,
			);
			path = flixter;
			sourceTree = "<group>";
		};
		E1EE71C727042AE500C8CE4C /* flixterTests */ = {
			isa = PBXGroup;
			children = (
				E1EE71C827042AE500C8CE4C /* flixterTests.swift */,
			);
			path = flixterTests;
			sourceTree = "<group>";
		};
		E1EE71D127042AE500C8CE4C /* flixterUITests */ = {
			isa = PBXGroup;
			children = (
				E1EE71D227042AE500C8CE4C /* flixterUITests.swift */,
				E1EE71D427042AE500C8CE4C /* flixterUITestsLaunchTests.swift */,
			);
			path = flixterUITests;
			sourceTree = "<group>";
		};
/* End PBXGroup section */

/* Begin PBXNativeTarget section */
		E1EE71AD27042AE300C8CE4C /* flixter */ = {
			isa = PBXNativeTarget;
			buildConfigurationList = E1EE71D827042AE500C8CE4C /* Build configuration list for PBXNativeTarget "flixter" */;
			buildPhases = (
				301CCC8EF87F5101130E03F3 /* [CP] Check Pods Manifest.lock */,
				E1EE71AA27042AE300C8CE4C /* Sources */,
				E1EE71AB27042AE300C8CE4C /* Frameworks */,
				E1EE71AC27042AE300C8CE4C /* Resources */,
				427AA12753BACDE3CE0EE078 /* [CP] Embed Pods Frameworks */,
			);
			buildRules = (
			);
			dependencies = (
			);
			name = flixter;
			productName = flixter;
			productReference = E1EE71AE27042AE300C8CE4C /* flixter.app */;
			productType = "com.apple.product-type.application";
		};
		E1EE71C327042AE500C8CE4C /* flixterTests */ = {
			isa = PBXNativeTarget;
			buildConfigurationList = E1EE71DB27042AE500C8CE4C /* Build configuration list for PBXNativeTarget "flixterTests" */;
			buildPhases = (
				D31C347C1444E732154B63BF /* [CP] Check Pods Manifest.lock */,
				E1EE71C027042AE500C8CE4C /* Sources */,
				E1EE71C127042AE500C8CE4C /* Frameworks */,
				E1EE71C227042AE500C8CE4C /* Resources */,
			);
			buildRules = (
			);
			dependencies = (
				E1EE71C627042AE500C8CE4C /* PBXTargetDependency */,
			);
			name = flixterTests;
			productName = flixterTests;
			productReference = E1EE71C427042AE500C8CE4C /* flixterTests.xctest */;
			productType = "com.apple.product-type.bundle.unit-test";
		};
		E1EE71CD27042AE500C8CE4C /* flixterUITests */ = {
			isa = PBXNativeTarget;
			buildConfigurationList = E1EE71DE27042AE500C8CE4C /* Build configuration list for PBXNativeTarget "flixterUITests" */;
			buildPhases = (
				70462467198B783605313DFE /* [CP] Check Pods Manifest.lock */,
				E1EE71CA27042AE500C8CE4C /* Sources */,
				E1EE71CB27042AE500C8CE4C /* Frameworks */,
				E1EE71CC27042AE500C8CE4C /* Resources */,
				03B0E33AE87D3EFCD165E3F2 /* [CP] Embed Pods Frameworks */,
			);
			buildRules = (
			);
			dependencies = (
				E1EE71D027042AE500C8CE4C /* PBXTargetDependency */,
			);
			name = flixterUITests;
			productName = flixterUITests;
			productReference = E1EE71CE27042AE500C8CE4C /* flixterUITests.xctest */;
			productType = "com.apple.product-type.bundle.ui-testing";
		};
/* End PBXNativeTarget section */

/* Begin PBXProject section */
		E1EE71A627042AE300C8CE4C /* Project object */ = {
			isa = PBXProject;
			attributes = {
				BuildIndependentTargetsInParallel = 1;
				LastSwiftUpdateCheck = 1300;
				LastUpgradeCheck = 1300;
				TargetAttributes = {
					E1EE71AD27042AE300C8CE4C = {
						CreatedOnToolsVersion = 13.0;
					};
					E1EE71C327042AE500C8CE4C = {
						CreatedOnToolsVersion = 13.0;
						TestTargetID = E1EE71AD27042AE300C8CE4C;
					};
					E1EE71CD27042AE500C8CE4C = {
						CreatedOnToolsVersion = 13.0;
						TestTargetID = E1EE71AD27042AE300C8CE4C;
					};
				};
			};
			buildConfigurationList = E1EE71A927042AE300C8CE4C /* Build configuration list for PBXProject "flixter" */;
			compatibilityVersion = "Xcode 13.0";
			developmentRegion = en;
			hasScannedForEncodings = 0;
			knownRegions = (
				en,
				Base,
			);
			mainGroup = E1EE71A527042AE300C8CE4C;
			productRefGroup = E1EE71AF27042AE300C8CE4C /* Products */;
			projectDirPath = "";
			projectRoot = "";
			targets = (
				E1EE71AD27042AE300C8CE4C /* flixter */,
				E1EE71C327042AE500C8CE4C /* flixterTests */,
				E1EE71CD27042AE500C8CE4C /* flixterUITests */,
			);
		};
/* End PBXProject section */

/* Begin PBXResourcesBuildPhase section */
		E1EE71AC27042AE300C8CE4C /* Resources */ = {
			isa = PBXResourcesBuildPhase;
			buildActionMask = 2147483647;
			files = (
				E1EE71BE27042AE500C8CE4C /* LaunchScreen.storyboard in Resources */,
				E1EE71BB27042AE500C8CE4C /* Assets.xcassets in Resources */,
				E1EE71B927042AE300C8CE4C /* Main.storyboard in Resources */,
			);
			runOnlyForDeploymentPostprocessing = 0;
		};
		E1EE71C227042AE500C8CE4C /* Resources */ = {
			isa = PBXResourcesBuildPhase;
			buildActionMask = 2147483647;
			files = (
			);
			runOnlyForDeploymentPostprocessing = 0;
		};
		E1EE71CC27042AE500C8CE4C /* Resources */ = {
			isa = PBXResourcesBuildPhase;
			buildActionMask = 2147483647;
			files = (
			);
			runOnlyForDeploymentPostprocessing = 0;
		};
/* End PBXResourcesBuildPhase section */

/* Begin PBXShellScriptBuildPhase section */
		03B0E33AE87D3EFCD165E3F2 /* [CP] Embed Pods Frameworks */ = {
			isa = PBXShellScriptBuildPhase;
			buildActionMask = 2147483647;
			files = (
			);
			inputFileListPaths = (
				"${PODS_ROOT}/Target Support Files/Pods-flixter-flixterUITests/Pods-flixter-flixterUITests-frameworks-${CONFIGURATION}-input-files.xcfilelist",
			);
			name = "[CP] Embed Pods Frameworks";
			outputFileListPaths = (
				"${PODS_ROOT}/Target Support Files/Pods-flixter-flixterUITests/Pods-flixter-flixterUITests-frameworks-${CONFIGURATION}-output-files.xcfilelist",
			);
			runOnlyForDeploymentPostprocessing = 0;
			shellPath = /bin/sh;
			shellScript = "\"${PODS_ROOT}/Target Support Files/Pods-flixter-flixterUITests/Pods-flixter-flixterUITests-frameworks.sh\"\n";
			showEnvVarsInLog = 0;
		};
		301CCC8EF87F5101130E03F3 /* [CP] Check Pods Manifest.lock */ = {
			isa = PBXShellScriptBuildPhase;
			buildActionMask = 2147483647;
			files = (
			);
			inputFileListPaths = (
			);
			inputPaths = (
				"${PODS_PODFILE_DIR_PATH}/Podfile.lock",
				"${PODS_ROOT}/Manifest.lock",
			);
			name = "[CP] Check Pods Manifest.lock";
			outputFileListPaths = (
			);
			outputPaths = (
				"$(DERIVED_FILE_DIR)/Pods-flixter-checkManifestLockResult.txt",
			);
			runOnlyForDeploymentPostprocessing = 0;
			shellPath = /bin/sh;
			shellScript = "diff \"${PODS_PODFILE_DIR_PATH}/Podfile.lock\" \"${PODS_ROOT}/Manifest.lock\" > /dev/null\nif [ $? != 0 ] ; then\n    # print error to STDERR\n    echo \"error: The sandbox is not in sync with the Podfile.lock. Run 'pod install' or update your CocoaPods installation.\" >&2\n    exit 1\nfi\n# This output is used by Xcode 'outputs' to avoid re-running this script phase.\necho \"SUCCESS\" > \"${SCRIPT_OUTPUT_FILE_0}\"\n";
			showEnvVarsInLog = 0;
		};
		427AA12753BACDE3CE0EE078 /* [CP] Embed Pods Frameworks */ = {
			isa = PBXShellScriptBuildPhase;
			buildActionMask = 2147483647;
			files = (
			);
			inputFileListPaths = (
				"${PODS_ROOT}/Target Support Files/Pods-flixter/Pods-flixter-frameworks-${CONFIGURATION}-input-files.xcfilelist",
			);
			name = "[CP] Embed Pods Frameworks";
			outputFileListPaths = (
				"${PODS_ROOT}/Target Support Files/Pods-flixter/Pods-flixter-frameworks-${CONFIGURATION}-output-files.xcfilelist",
			);
			runOnlyForDeploymentPostprocessing = 0;
			shellPath = /bin/sh;
			shellScript = "\"${PODS_ROOT}/Target Support Files/Pods-flixter/Pods-flixter-frameworks.sh\"\n";
			showEnvVarsInLog = 0;
		};
		70462467198B783605313DFE /* [CP] Check Pods Manifest.lock */ = {
			isa = PBXShellScriptBuildPhase;
			buildActionMask = 2147483647;
			files = (
			);
			inputFileListPaths = (
			);
			inputPaths = (
				"${PODS_PODFILE_DIR_PATH}/Podfile.lock",
				"${PODS_ROOT}/Manifest.lock",
			);
			name = "[CP] Check Pods Manifest.lock";
			outputFileListPaths = (
			);
			outputPaths = (
				"$(DERIVED_FILE_DIR)/Pods-flixter-flixterUITests-checkManifestLockResult.txt",
			);
			runOnlyForDeploymentPostprocessing = 0;
			shellPath = /bin/sh;
			shellScript = "diff \"${PODS_PODFILE_DIR_PATH}/Podfile.lock\" \"${PODS_ROOT}/Manifest.lock\" > /dev/null\nif [ $? != 0 ] ; then\n    # print error to STDERR\n    echo \"error: The sandbox is not in sync with the Podfile.lock. Run 'pod install' or update your CocoaPods installation.\" >&2\n    exit 1\nfi\n# This output is used by Xcode 'outputs' to avoid re-running this script phase.\necho \"SUCCESS\" > \"${SCRIPT_OUTPUT_FILE_0}\"\n";
			showEnvVarsInLog = 0;
		};
		D31C347C1444E732154B63BF /* [CP] Check Pods Manifest.lock */ = {
			isa = PBXShellScriptBuildPhase;
			buildActionMask = 2147483647;
			files = (
			);
			inputFileListPaths = (
			);
			inputPaths = (
				"${PODS_PODFILE_DIR_PATH}/Podfile.lock",
				"${PODS_ROOT}/Manifest.lock",
			);
			name = "[CP] Check Pods Manifest.lock";
			outputFileListPaths = (
			);
			outputPaths = (
				"$(DERIVED_FILE_DIR)/Pods-flixterTests-checkManifestLockResult.txt",
			);
			runOnlyForDeploymentPostprocessing = 0;
			shellPath = /bin/sh;
			shellScript = "diff \"${PODS_PODFILE_DIR_PATH}/Podfile.lock\" \"${PODS_ROOT}/Manifest.lock\" > /dev/null\nif [ $? != 0 ] ; then\n    # print error to STDERR\n    echo \"error: The sandbox is not in sync with the Podfile.lock. Run 'pod install' or update your CocoaPods installation.\" >&2\n    exit 1\nfi\n# This output is used by Xcode 'outputs' to avoid re-running this script phase.\necho \"SUCCESS\" > \"${SCRIPT_OUTPUT_FILE_0}\"\n";
			showEnvVarsInLog = 0;
		};
/* End PBXShellScriptBuildPhase section */

/* Begin PBXSourcesBuildPhase section */
		E1EE71AA27042AE300C8CE4C /* Sources */ = {
			isa = PBXSourcesBuildPhase;
			buildActionMask = 2147483647;
			files = (
				E1EE71B627042AE300C8CE4C /* MoviesViewController.swift in Sources */,
				E1EE71B227042AE300C8CE4C /* AppDelegate.swift in Sources */,
				E1EE71E42705313C00C8CE4C /* MovieCell.swift in Sources */,
				E1EE71B427042AE300C8CE4C /* SceneDelegate.swift in Sources */,
			);
			runOnlyForDeploymentPostprocessing = 0;
		};
		E1EE71C027042AE500C8CE4C /* Sources */ = {
			isa = PBXSourcesBuildPhase;
			buildActionMask = 2147483647;
			files = (
				E1EE71C927042AE500C8CE4C /* flixterTests.swift in Sources */,
			);
			runOnlyForDeploymentPostprocessing = 0;
		};
		E1EE71CA27042AE500C8CE4C /* Sources */ = {
			isa = PBXSourcesBuildPhase;
			buildActionMask = 2147483647;
			files = (
				E1EE71D327042AE500C8CE4C /* flixterUITests.swift in Sources */,
				E1EE71D527042AE500C8CE4C /* flixterUITestsLaunchTests.swift in Sources */,
			);
			runOnlyForDeploymentPostprocessing = 0;
		};
/* End PBXSourcesBuildPhase section */

/* Begin PBXTargetDependency section */
		E1EE71C627042AE500C8CE4C /* PBXTargetDependency */ = {
			isa = PBXTargetDependency;
			target = E1EE71AD27042AE300C8CE4C /* flixter */;
			targetProxy = E1EE71C527042AE500C8CE4C /* PBXContainerItemProxy */;
		};
		E1EE71D027042AE500C8CE4C /* PBXTargetDependency */ = {
			isa = PBXTargetDependency;
			target = E1EE71AD27042AE300C8CE4C /* flixter */;
			targetProxy = E1EE71CF27042AE500C8CE4C /* PBXContainerItemProxy */;
		};
/* End PBXTargetDependency section */

/* Begin PBXVariantGroup section */
		E1EE71B727042AE300C8CE4C /* Main.storyboard */ = {
			isa = PBXVariantGroup;
			children = (
				E1EE71B827042AE300C8CE4C /* Base */,
			);
			name = Main.storyboard;
			sourceTree = "<group>";
		};
		E1EE71BC27042AE500C8CE4C /* LaunchScreen.storyboard */ = {
			isa = PBXVariantGroup;
			children = (
				E1EE71BD27042AE500C8CE4C /* Base */,
			);
			name = LaunchScreen.storyboard;
			sourceTree = "<group>";
		};
/* End PBXVariantGroup section */

/* Begin XCBuildConfiguration section */
		E1EE71D627042AE500C8CE4C /* Debug */ = {
			isa = XCBuildConfiguration;
			buildSettings = {
				ALWAYS_SEARCH_USER_PATHS = NO;
				CLANG_ANALYZER_NONNULL = YES;
				CLANG_ANALYZER_NUMBER_OBJECT_CONVERSION = YES_AGGRESSIVE;
				CLANG_CXX_LANGUAGE_STANDARD = "gnu++17";
				CLANG_CXX_LIBRARY = "libc++";
				CLANG_ENABLE_MODULES = YES;
				CLANG_ENABLE_OBJC_ARC = YES;
				CLANG_ENABLE_OBJC_WEAK = YES;
				CLANG_WARN_BLOCK_CAPTURE_AUTORELEASING = YES;
				CLANG_WARN_BOOL_CONVERSION = YES;
				CLANG_WARN_COMMA = YES;
				CLANG_WARN_CONSTANT_CONVERSION = YES;
				CLANG_WARN_DEPRECATED_OBJC_IMPLEMENTATIONS = YES;
				CLANG_WARN_DIRECT_OBJC_ISA_USAGE = YES_ERROR;
				CLANG_WARN_DOCUMENTATION_COMMENTS = YES;
				CLANG_WARN_EMPTY_BODY = YES;
				CLANG_WARN_ENUM_CONVERSION = YES;
				CLANG_WARN_INFINITE_RECURSION = YES;
				CLANG_WARN_INT_CONVERSION = YES;
				CLANG_WARN_NON_LITERAL_NULL_CONVERSION = YES;
				CLANG_WARN_OBJC_IMPLICIT_RETAIN_SELF = YES;
				CLANG_WARN_OBJC_LITERAL_CONVERSION = YES;
				CLANG_WARN_OBJC_ROOT_CLASS = YES_ERROR;
				CLANG_WARN_QUOTED_INCLUDE_IN_FRAMEWORK_HEADER = YES;
				CLANG_WARN_RANGE_LOOP_ANALYSIS = YES;
				CLANG_WARN_STRICT_PROTOTYPES = YES;
				CLANG_WARN_SUSPICIOUS_MOVE = YES;
				CLANG_WARN_UNGUARDED_AVAILABILITY = YES_AGGRESSIVE;
				CLANG_WARN_UNREACHABLE_CODE = YES;
				CLANG_WARN__DUPLICATE_METHOD_MATCH = YES;
				COPY_PHASE_STRIP = NO;
				DEBUG_INFORMATION_FORMAT = dwarf;
				ENABLE_STRICT_OBJC_MSGSEND = YES;
				ENABLE_TESTABILITY = YES;
				GCC_C_LANGUAGE_STANDARD = gnu11;
				GCC_DYNAMIC_NO_PIC = NO;
				GCC_NO_COMMON_BLOCKS = YES;
				GCC_OPTIMIZATION_LEVEL = 0;
				GCC_PREPROCESSOR_DEFINITIONS = (
					"DEBUG=1",
					"$(inherited)",
				);
				GCC_WARN_64_TO_32_BIT_CONVERSION = YES;
				GCC_WARN_ABOUT_RETURN_TYPE = YES_ERROR;
				GCC_WARN_UNDECLARED_SELECTOR = YES;
				GCC_WARN_UNINITIALIZED_AUTOS = YES_AGGRESSIVE;
				GCC_WARN_UNUSED_FUNCTION = YES;
				GCC_WARN_UNUSED_VARIABLE = YES;
				IPHONEOS_DEPLOYMENT_TARGET = 15.0;
				MTL_ENABLE_DEBUG_INFO = INCLUDE_SOURCE;
				MTL_FAST_MATH = YES;
				ONLY_ACTIVE_ARCH = YES;
				SDKROOT = iphoneos;
				SWIFT_ACTIVE_COMPILATION_CONDITIONS = DEBUG;
				SWIFT_OPTIMIZATION_LEVEL = "-Onone";
			};
			name = Debug;
		};
		E1EE71D727042AE500C8CE4C /* Release */ = {
			isa = XCBuildConfiguration;
			buildSettings = {
				ALWAYS_SEARCH_USER_PATHS = NO;
				CLANG_ANALYZER_NONNULL = YES;
				CLANG_ANALYZER_NUMBER_OBJECT_CONVERSION = YES_AGGRESSIVE;
				CLANG_CXX_LANGUAGE_STANDARD = "gnu++17";
				CLANG_CXX_LIBRARY = "libc++";
				CLANG_ENABLE_MODULES = YES;
				CLANG_ENABLE_OBJC_ARC = YES;
				CLANG_ENABLE_OBJC_WEAK = YES;
				CLANG_WARN_BLOCK_CAPTURE_AUTORELEASING = YES;
				CLANG_WARN_BOOL_CONVERSION = YES;
				CLANG_WARN_COMMA = YES;
				CLANG_WARN_CONSTANT_CONVERSION = YES;
				CLANG_WARN_DEPRECATED_OBJC_IMPLEMENTATIONS = YES;
				CLANG_WARN_DIRECT_OBJC_ISA_USAGE = YES_ERROR;
				CLANG_WARN_DOCUMENTATION_COMMENTS = YES;
				CLANG_WARN_EMPTY_BODY = YES;
				CLANG_WARN_ENUM_CONVERSION = YES;
				CLANG_WARN_INFINITE_RECURSION = YES;
				CLANG_WARN_INT_CONVERSION = YES;
				CLANG_WARN_NON_LITERAL_NULL_CONVERSION = YES;
				CLANG_WARN_OBJC_IMPLICIT_RETAIN_SELF = YES;
				CLANG_WARN_OBJC_LITERAL_CONVERSION = YES;
				CLANG_WARN_OBJC_ROOT_CLASS = YES_ERROR;
				CLANG_WARN_QUOTED_INCLUDE_IN_FRAMEWORK_HEADER = YES;
				CLANG_WARN_RANGE_LOOP_ANALYSIS = YES;
				CLANG_WARN_STRICT_PROTOTYPES = YES;
				CLANG_WARN_SUSPICIOUS_MOVE = YES;
				CLANG_WARN_UNGUARDED_AVAILABILITY = YES_AGGRESSIVE;
				CLANG_WARN_UNREACHABLE_CODE = YES;
				CLANG_WARN__DUPLICATE_METHOD_MATCH = YES;
				COPY_PHASE_STRIP = NO;
				DEBUG_INFORMATION_FORMAT = "dwarf-with-dsym";
				ENABLE_NS_ASSERTIONS = NO;
				ENABLE_STRICT_OBJC_MSGSEND = YES;
				GCC_C_LANGUAGE_STANDARD = gnu11;
				GCC_NO_COMMON_BLOCKS = YES;
				GCC_WARN_64_TO_32_BIT_CONVERSION = YES;
				GCC_WARN_ABOUT_RETURN_TYPE = YES_ERROR;
				GCC_WARN_UNDECLARED_SELECTOR = YES;
				GCC_WARN_UNINITIALIZED_AUTOS = YES_AGGRESSIVE;
				GCC_WARN_UNUSED_FUNCTION = YES;
				GCC_WARN_UNUSED_VARIABLE = YES;
				IPHONEOS_DEPLOYMENT_TARGET = 15.0;
				MTL_ENABLE_DEBUG_INFO = NO;
				MTL_FAST_MATH = YES;
				SDKROOT = iphoneos;
				SWIFT_COMPILATION_MODE = wholemodule;
				SWIFT_OPTIMIZATION_LEVEL = "-O";
				VALIDATE_PRODUCT = YES;
			};
			name = Release;
		};
		E1EE71D927042AE500C8CE4C /* Debug */ = {
			isa = XCBuildConfiguration;
			baseConfigurationReference = 7E615811CB2523F0A7DA1DC0 /* Pods-flixter.debug.xcconfig */;
			buildSettings = {
				ASSETCATALOG_COMPILER_APPICON_NAME = AppIcon;
				ASSETCATALOG_COMPILER_GLOBAL_ACCENT_COLOR_NAME = AccentColor;
				CODE_SIGN_STYLE = Automatic;
				CURRENT_PROJECT_VERSION = 1;
				DEVELOPMENT_TEAM = GHQ4ZS67UN;
				GENERATE_INFOPLIST_FILE = YES;
				INFOPLIST_FILE = flixter/Info.plist;
				INFOPLIST_KEY_UIApplicationSupportsIndirectInputEvents = YES;
				INFOPLIST_KEY_UILaunchStoryboardName = LaunchScreen;
				INFOPLIST_KEY_UIMainStoryboardFile = Main;
				INFOPLIST_KEY_UISupportedInterfaceOrientations_iPad = "UIInterfaceOrientationPortrait UIInterfaceOrientationPortraitUpsideDown UIInterfaceOrientationLandscapeLeft UIInterfaceOrientationLandscapeRight";
				INFOPLIST_KEY_UISupportedInterfaceOrientations_iPhone = "UIInterfaceOrientationPortrait UIInterfaceOrientationLandscapeLeft UIInterfaceOrientationLandscapeRight";
				LD_RUNPATH_SEARCH_PATHS = (
					"$(inherited)",
					"@executable_path/Frameworks",
				);
				MARKETING_VERSION = 1.0;
				PRODUCT_BUNDLE_IDENTIFIER = com.codepath.flixter;
				PRODUCT_NAME = "$(TARGET_NAME)";
				SWIFT_EMIT_LOC_STRINGS = YES;
				SWIFT_VERSION = 5.0;
				TARGETED_DEVICE_FAMILY = "1,2";
			};
			name = Debug;
		};
		E1EE71DA27042AE500C8CE4C /* Release */ = {
			isa = XCBuildConfiguration;
			baseConfigurationReference = 51AF9192E061B4281C590EC5 /* Pods-flixter.release.xcconfig */;
			buildSettings = {
				ASSETCATALOG_COMPILER_APPICON_NAME = AppIcon;
				ASSETCATALOG_COMPILER_GLOBAL_ACCENT_COLOR_NAME = AccentColor;
				CODE_SIGN_STYLE = Automatic;
				CURRENT_PROJECT_VERSION = 1;
				DEVELOPMENT_TEAM = GHQ4ZS67UN;
				GENERATE_INFOPLIST_FILE = YES;
				INFOPLIST_FILE = flixter/Info.plist;
				INFOPLIST_KEY_UIApplicationSupportsIndirectInputEvents = YES;
				INFOPLIST_KEY_UILaunchStoryboardName = LaunchScreen;
				INFOPLIST_KEY_UIMainStoryboardFile = Main;
				INFOPLIST_KEY_UISupportedInterfaceOrientations_iPad = "UIInterfaceOrientationPortrait UIInterfaceOrientationPortraitUpsideDown UIInterfaceOrientationLandscapeLeft UIInterfaceOrientationLandscapeRight";
				INFOPLIST_KEY_UISupportedInterfaceOrientations_iPhone = "UIInterfaceOrientationPortrait UIInterfaceOrientationLandscapeLeft UIInterfaceOrientationLandscapeRight";
				LD_RUNPATH_SEARCH_PATHS = (
					"$(inherited)",
					"@executable_path/Frameworks",
				);
				MARKETING_VERSION = 1.0;
				PRODUCT_BUNDLE_IDENTIFIER = com.codepath.flixter;
				PRODUCT_NAME = "$(TARGET_NAME)";
				SWIFT_EMIT_LOC_STRINGS = YES;
				SWIFT_VERSION = 5.0;
				TARGETED_DEVICE_FAMILY = "1,2";
			};
			name = Release;
		};
		E1EE71DC27042AE500C8CE4C /* Debug */ = {
			isa = XCBuildConfiguration;
			baseConfigurationReference = 8669C7F25A666BDF9CF681B7 /* Pods-flixterTests.debug.xcconfig */;
			buildSettings = {
				ALWAYS_EMBED_SWIFT_STANDARD_LIBRARIES = YES;
				BUNDLE_LOADER = "$(TEST_HOST)";
				CODE_SIGN_STYLE = Automatic;
				CURRENT_PROJECT_VERSION = 1;
				DEVELOPMENT_TEAM = GHQ4ZS67UN;
				GENERATE_INFOPLIST_FILE = YES;
				IPHONEOS_DEPLOYMENT_TARGET = 15.0;
				LD_RUNPATH_SEARCH_PATHS = (
					"$(inherited)",
					"@executable_path/Frameworks",
					"@loader_path/Frameworks",
				);
				MARKETING_VERSION = 1.0;
				PRODUCT_BUNDLE_IDENTIFIER = com.codepath.flixterTests;
				PRODUCT_NAME = "$(TARGET_NAME)";
				SWIFT_EMIT_LOC_STRINGS = NO;
				SWIFT_VERSION = 5.0;
				TARGETED_DEVICE_FAMILY = "1,2";
				TEST_HOST = "$(BUILT_PRODUCTS_DIR)/flixter.app/flixter";
			};
			name = Debug;
		};
		E1EE71DD27042AE500C8CE4C /* Release */ = {
			isa = XCBuildConfiguration;
			baseConfigurationReference = 9B2DF9B8D4E8999D6D14FBD5 /* Pods-flixterTests.release.xcconfig */;
			buildSettings = {
				ALWAYS_EMBED_SWIFT_STANDARD_LIBRARIES = YES;
				BUNDLE_LOADER = "$(TEST_HOST)";
				CODE_SIGN_STYLE = Automatic;
				CURRENT_PROJECT_VERSION = 1;
				DEVELOPMENT_TEAM = GHQ4ZS67UN;
				GENERATE_INFOPLIST_FILE = YES;
				IPHONEOS_DEPLOYMENT_TARGET = 15.0;
				LD_RUNPATH_SEARCH_PATHS = (
					"$(inherited)",
					"@executable_path/Frameworks",
					"@loader_path/Frameworks",
				);
				MARKETING_VERSION = 1.0;
				PRODUCT_BUNDLE_IDENTIFIER = com.codepath.flixterTests;
				PRODUCT_NAME = "$(TARGET_NAME)";
				SWIFT_EMIT_LOC_STRINGS = NO;
				SWIFT_VERSION = 5.0;
				TARGETED_DEVICE_FAMILY = "1,2";
				TEST_HOST = "$(BUILT_PRODUCTS_DIR)/flixter.app/flixter";
			};
			name = Release;
		};
		E1EE71DF27042AE500C8CE4C /* Debug */ = {
			isa = XCBuildConfiguration;
			baseConfigurationReference = 0BA12C4C4A0B29919B3C4E3E /* Pods-flixter-flixterUITests.debug.xcconfig */;
			buildSettings = {
				ALWAYS_EMBED_SWIFT_STANDARD_LIBRARIES = YES;
				CODE_SIGN_STYLE = Automatic;
				CURRENT_PROJECT_VERSION = 1;
				DEVELOPMENT_TEAM = GHQ4ZS67UN;
				GENERATE_INFOPLIST_FILE = YES;
				LD_RUNPATH_SEARCH_PATHS = (
					"$(inherited)",
					"@executable_path/Frameworks",
					"@loader_path/Frameworks",
				);
				MARKETING_VERSION = 1.0;
				PRODUCT_BUNDLE_IDENTIFIER = com.codepath.flixterUITests;
				PRODUCT_NAME = "$(TARGET_NAME)";
				SWIFT_EMIT_LOC_STRINGS = NO;
				SWIFT_VERSION = 5.0;
				TARGETED_DEVICE_FAMILY = "1,2";
				TEST_TARGET_NAME = flixter;
			};
			name = Debug;
		};
		E1EE71E027042AE500C8CE4C /* Release */ = {
			isa = XCBuildConfiguration;
			baseConfigurationReference = 36D51D8A08B7ABC29A03BACC /* Pods-flixter-flixterUITests.release.xcconfig */;
			buildSettings = {
				ALWAYS_EMBED_SWIFT_STANDARD_LIBRARIES = YES;
				CODE_SIGN_STYLE = Automatic;
				CURRENT_PROJECT_VERSION = 1;
				DEVELOPMENT_TEAM = GHQ4ZS67UN;
				GENERATE_INFOPLIST_FILE = YES;
				LD_RUNPATH_SEARCH_PATHS = (
					"$(inherited)",
					"@executable_path/Frameworks",
					"@loader_path/Frameworks",
				);
				MARKETING_VERSION = 1.0;
				PRODUCT_BUNDLE_IDENTIFIER = com.codepath.flixterUITests;
				PRODUCT_NAME = "$(TARGET_NAME)";
				SWIFT_EMIT_LOC_STRINGS = NO;
				SWIFT_VERSION = 5.0;
				TARGETED_DEVICE_FAMILY = "1,2";
				TEST_TARGET_NAME = flixter;
			};
			name = Release;
		};
/* End XCBuildConfiguration section */

/* Begin XCConfigurationList section */
		E1EE71A927042AE300C8CE4C /* Build configuration list for PBXProject "flixter" */ = {
			isa = XCConfigurationList;
			buildConfigurations = (
				E1EE71D627042AE500C8CE4C /* Debug */,
				E1EE71D727042AE500C8CE4C /* Release */,
			);
			defaultConfigurationIsVisible = 0;
			defaultConfigurationName = Release;
		};
		E1EE71D827042AE500C8CE4C /* Build configuration list for PBXNativeTarget "flixter" */ = {
			isa = XCConfigurationList;
			buildConfigurations = (
				E1EE71D927042AE500C8CE4C /* Debug */,
				E1EE71DA27042AE500C8CE4C /* Release */,
			);
			defaultConfigurationIsVisible = 0;
			defaultConfigurationName = Release;
		};
		E1EE71DB27042AE500C8CE4C /* Build configuration list for PBXNativeTarget "flixterTests" */ = {
			isa = XCConfigurationList;
			buildConfigurations = (
				E1EE71DC27042AE500C8CE4C /* Debug */,
				E1EE71DD27042AE500C8CE4C /* Release */,
			);
			defaultConfigurationIsVisible = 0;
			defaultConfigurationName = Release;
		};
		E1EE71DE27042AE500C8CE4C /* Build configuration list for PBXNativeTarget "flixterUITests" */ = {
			isa = XCConfigurationList;
			buildConfigurations = (
				E1EE71DF27042AE500C8CE4C /* Debug */,
				E1EE71E027042AE500C8CE4C /* Release */,
			);
			defaultConfigurationIsVisible = 0;
			defaultConfigurationName = Release;
		};
/* End XCConfigurationList section */
	};
	rootObject = E1EE71A627042AE300C8CE4C /* Project object */;
}
